Microsoft Visual Studio Solution File, Format Version 11.00
# Visual Studio 2008

Project("{A1546EBF-5A02-4765-F163-77A1AFD86AC1}") = "Unity-Spiel-Sqrubik Version 2.5 [22.5.2014]", "Assembly-CSharp-firstpass-vs.csproj", "{9A7DB3FF-20DB-A9C0-5C65-683D2002CDF0}"
EndProject
Project("{A1546EBF-5A02-4765-F163-77A1AFD86AC1}") = "Unity-Spiel-Sqrubik Version 2.5 [22.5.2014]", "Assembly-CSharp-vs.csproj", "{935B368D-DF5C-3285-C141-5920DFEC0311}"
EndProject
Global
	GlobalSection(SolutionConfigurationPlatforms) = preSolution
		Debug|Any CPU = Debug|Any CPU
		Release|Any CPU = Release|Any CPU
	EndGlobalSection
	GlobalSection(ProjectConfigurationPlatforms) = postSolution
		{9A7DB3FF-20DB-A9C0-5C65-683D2002CDF0}.Debug|Any CPU.ActiveCfg = Debug|Any CPU
		{9A7DB3FF-20DB-A9C0-5C65-683D2002CDF0}.Debug|Any CPU.Build.0 = Debug|Any CPU
		{9A7DB3FF-20DB-A9C0-5C65-683D2002CDF0}.Release|Any CPU.ActiveCfg = Release|Any CPU
		{9A7DB3FF-20DB-A9C0-5C65-683D2002CDF0}.Release|Any CPU.Build.0 = Release|Any CPU
		{935B368D-DF5C-3285-C141-5920DFEC0311}.Debug|Any CPU.ActiveCfg = Debug|Any CPU
		{935B368D-DF5C-3285-C141-5920DFEC0311}.Debug|Any CPU.Build.0 = Debug|Any CPU
		{935B368D-DF5C-3285-C141-5920DFEC0311}.Release|Any CPU.ActiveCfg = Release|Any CPU
		{935B368D-DF5C-3285-C141-5920DFEC0311}.Release|Any CPU.Build.0 = Release|Any CPU
	EndGlobalSection
	GlobalSection(SolutionProperties) = preSolution
		HideSolutionNode = FALSE
	EndGlobalSection
									GlobalSection(MonoDevelopProperties) = preSolution
		StartupItem = Assembly-CSharp.csproj
		Policies = $0
		$0.TextStylePolicy = $1
		$1.inheritsSet = null
		$1.scope = text/x-csharp
		$0.CSharpFormattingPolicy = $2
		$2.inheritsSet = Mono
		$2.inheritsScope = text/x-csharp
		$2.scope = text/x-csharp
		$0.TextStylePolicy = $3
		$3.FileWidth = 120
		$3.TabWidth = 4
		$3.EolMarker = Unix
		$3.inheritsSet = Mono
		$3.inheritsScope = text/plain
		$3.scope = text/plain
	EndGlobalSection

EndGlobal
